// !$*UTF8*$!
{
	archiveVersion = 1;
	classes = {
	};
	objectVersion = 46;
	objects = {

/* Begin PBXBuildFile section */
		B500DEBD1B7971610028D315 /* main.m in Sources */ = {isa = PBXBuildFile; fileRef = B500DEBC1B7971610028D315 /* main.m */; };
		B500DEC01B7971610028D315 /* AppDelegate.m in Sources */ = {isa = PBXBuildFile; fileRef = B500DEBF1B7971610028D315 /* AppDelegate.m */; };
		B500DEC31B7971610028D315 /* GameScene.m in Sources */ = {isa = PBXBuildFile; fileRef = B500DEC21B7971610028D315 /* GameScene.m */; };
		B500DEC81B7971610028D315 /* GameViewController.m in Sources */ = {isa = PBXBuildFile; fileRef = B500DEC71B7971610028D315 /* GameViewController.m */; };
		B500DECB1B7971610028D315 /* Main.storyboard in Resources */ = {isa = PBXBuildFile; fileRef = B500DEC91B7971610028D315 /* Main.storyboard */; };
		B500DECD1B7971610028D315 /* Images.xcassets in Resources */ = {isa = PBXBuildFile; fileRef = B500DECC1B7971610028D315 /* Images.xcassets */; };
		B500DED01B7971610028D315 /* LaunchScreen.xib in Resources */ = {isa = PBXBuildFile; fileRef = B500DECE1B7971610028D315 /* LaunchScreen.xib */; };
		B500DEDC1B7971610028D315 /* MarTests.m in Sources */ = {isa = PBXBuildFile; fileRef = B500DEDB1B7971610028D315 /* MarTests.m */; };
		B500DEE71B7975CA0028D315 /* Ship.m in Sources */ = {isa = PBXBuildFile; fileRef = B500DEE61B7975CA0028D315 /* Ship.m */; };
		B500DEE91B7977050028D315 /* ship.png in Resources */ = {isa = PBXBuildFile; fileRef = B500DEE81B7977050028D315 /* ship.png */; };
		B500DEEF1B79992B0028D315 /* Spawner.m in Sources */ = {isa = PBXBuildFile; fileRef = B500DEEE1B79992B0028D315 /* Spawner.m */; };
		B500DEF41B799B4C0028D315 /* ShipManager.m in Sources */ = {isa = PBXBuildFile; fileRef = B500DEF31B799B4C0028D315 /* ShipManager.m */; };
		B500DEF71B79A8210028D315 /* SpotLight.m in Sources */ = {isa = PBXBuildFile; fileRef = B500DEF61B79A8210028D315 /* SpotLight.m */; };
		B500DEF91B79A9E40028D315 /* water.png in Resources */ = {isa = PBXBuildFile; fileRef = B500DEF81B79A9E40028D315 /* water.png */; };
		B500DEFF1B79B9DC0028D315 /* Background.m in Sources */ = {isa = PBXBuildFile; fileRef = B500DEFE1B79B9DC0028D315 /* Background.m */; };
		B500DF031B79C1FE0028D315 /* beam.png in Resources */ = {isa = PBXBuildFile; fileRef = B500DF021B79C1FE0028D315 /* beam.png */; };
		B500DF061B79C2B60028D315 /* Lighthouse.m in Sources */ = {isa = PBXBuildFile; fileRef = B500DF051B79C2B60028D315 /* Lighthouse.m */; };
		B5364C5E1B8035A0005DF532 /* MessageUI.framework in Frameworks */ = {isa = PBXBuildFile; fileRef = B5364C5D1B8035A0005DF532 /* MessageUI.framework */; };
		B5364C641B825B6C005DF532 /* Rock.m in Sources */ = {isa = PBXBuildFile; fileRef = B5364C631B825B6C005DF532 /* Rock.m */; };
		B5364C6A1B826CA0005DF532 /* levels in Resources */ = {isa = PBXBuildFile; fileRef = B5364C691B826CA0005DF532 /* levels */; };
		B5E3B6641B7EF19300A2A123 /* selectionMenu.png in Resources */ = {isa = PBXBuildFile; fileRef = B5E3B6631B7EF19300A2A123 /* selectionMenu.png */; };
		B5E3B6671B7F9F6600A2A123 /* LevelData.m in Sources */ = {isa = PBXBuildFile; fileRef = B5E3B6661B7F9F6600A2A123 /* LevelData.m */; };
		B5E3B7811B7FBF9500A2A123 /* EditorScene.m in Sources */ = {isa = PBXBuildFile; fileRef = B5E3B77E1B7FBF9500A2A123 /* EditorScene.m */; };
		B5E3B7821B7FBF9500A2A123 /* EDSelection.m in Sources */ = {isa = PBXBuildFile; fileRef = B5E3B7801B7FBF9500A2A123 /* EDSelection.m */; };
		B5F7F8971B7B887B007FDC81 /* waterShader.fsh in Resources */ = {isa = PBXBuildFile; fileRef = B5F7F8961B7B887B007FDC81 /* waterShader.fsh */; };
		B5F7F8991B7BFB6D007FDC81 /* waterTile.png in Resources */ = {isa = PBXBuildFile; fileRef = B5F7F8981B7BFB6D007FDC81 /* waterTile.png */; };
		B5F7F89B1B7BFBBB007FDC81 /* waterDUDV.png in Resources */ = {isa = PBXBuildFile; fileRef = B5F7F89A1B7BFBBB007FDC81 /* waterDUDV.png */; };
		B5F7F89D1B7BFBED007FDC81 /* todo.txt in Resources */ = {isa = PBXBuildFile; fileRef = B5F7F89C1B7BFBED007FDC81 /* todo.txt */; };
		B5F7F8A01B7C3352007FDC81 /* LightControlRail.m in Sources */ = {isa = PBXBuildFile; fileRef = B5F7F89F1B7C3352007FDC81 /* LightControlRail.m */; };
		B5F7F8A31B7C3AA9007FDC81 /* ball.png in Resources */ = {isa = PBXBuildFile; fileRef = B5F7F8A11B7C3AA9007FDC81 /* ball.png */; };
		B5F7F8A41B7C3AA9007FDC81 /* blackTrack.png in Resources */ = {isa = PBXBuildFile; fileRef = B5F7F8A21B7C3AA9007FDC81 /* blackTrack.png */; };
		B5F7F8A71B7D9962007FDC81 /* Level.m in Sources */ = {isa = PBXBuildFile; fileRef = B5F7F8A61B7D9962007FDC81 /* Level.m */; };
		B5F7F8A91B7EC5CE007FDC81 /* rocks.png in Resources */ = {isa = PBXBuildFile; fileRef = B5F7F8A81B7EC5CE007FDC81 /* rocks.png */; };
		B5F7F8AC1B7ECE49007FDC81 /* explosion.sks in Resources */ = {isa = PBXBuildFile; fileRef = B5F7F8AA1B7ECE49007FDC81 /* explosion.sks */; };
		B5F7F8AD1B7ECE49007FDC81 /* spark.png in Resources */ = {isa = PBXBuildFile; fileRef = B5F7F8AB1B7ECE49007FDC81 /* spark.png */; };
		B5F7F8B01B7ED190007FDC81 /* smoke.sks in Resources */ = {isa = PBXBuildFile; fileRef = B5F7F8AF1B7ED190007FDC81 /* smoke.sks */; };
		B5F7F8B31B7ED1CD007FDC81 /* BrokenShip.m in Sources */ = {isa = PBXBuildFile; fileRef = B5F7F8B21B7ED1CD007FDC81 /* BrokenShip.m */; };
		B5F7F8B51B7ED2D1007FDC81 /* brokenShip.png in Resources */ = {isa = PBXBuildFile; fileRef = B5F7F8B41B7ED2D1007FDC81 /* brokenShip.png */; };
		B5F7F8B81B7ED72A007FDC81 /* StartController.m in Sources */ = {isa = PBXBuildFile; fileRef = B5F7F8B71B7ED72A007FDC81 /* StartController.m */; };
		B5F7F8BB1B7ED910007FDC81 /* starFrame.png in Resources */ = {isa = PBXBuildFile; fileRef = B5F7F8B91B7ED910007FDC81 /* starFrame.png */; };
		B5F7F8BC1B7ED910007FDC81 /* starFill.png in Resources */ = {isa = PBXBuildFile; fileRef = B5F7F8BA1B7ED910007FDC81 /* starFill.png */; };
		B5F7F8BE1B7EDE08007FDC81 /* lighthouse.png in Resources */ = {isa = PBXBuildFile; fileRef = B5F7F8BD1B7EDE08007FDC81 /* lighthouse.png */; };
		B5F7F8C11B7EE721007FDC81 /* MenuScene.m in Sources */ = {isa = PBXBuildFile; fileRef = B5F7F8C01B7EE721007FDC81 /* MenuScene.m */; };
		B5F7F8C61B7EE8E6007FDC81 /* tempButton.png in Resources */ = {isa = PBXBuildFile; fileRef = B5F7F8C51B7EE8E6007FDC81 /* tempButton.png */; };
/* End PBXBuildFile section */

/* Begin PBXContainerItemProxy section */
		B500DED61B7971610028D315 /* PBXContainerItemProxy */ = {
			isa = PBXContainerItemProxy;
			containerPortal = B500DEAF1B7971610028D315 /* Project object */;
			proxyType = 1;
			remoteGlobalIDString = B500DEB61B7971610028D315;
			remoteInfo = Mar;
		};
/* End PBXContainerItemProxy section */

/* Begin PBXFileReference section */
		B500DEB71B7971610028D315 /* Mar.app */ = {isa = PBXFileReference; explicitFileType = wrapper.application; includeInIndex = 0; path = Mar.app; sourceTree = BUILT_PRODUCTS_DIR; };
		B500DEBB1B7971610028D315 /* Info.plist */ = {isa = PBXFileReference; lastKnownFileType = text.plist.xml; path = Info.plist; sourceTree = "<group>"; };
		B500DEBC1B7971610028D315 /* main.m */ = {isa = PBXFileReference; lastKnownFileType = sourcecode.c.objc; path = main.m; sourceTree = "<group>"; };
		B500DEBE1B7971610028D315 /* AppDelegate.h */ = {isa = PBXFileReference; lastKnownFileType = sourcecode.c.h; path = AppDelegate.h; sourceTree = "<group>"; };
		B500DEBF1B7971610028D315 /* AppDelegate.m */ = {isa = PBXFileReference; lastKnownFileType = sourcecode.c.objc; path = AppDelegate.m; sourceTree = "<group>"; };
		B500DEC11B7971610028D315 /* GameScene.h */ = {isa = PBXFileReference; lastKnownFileType = sourcecode.c.h; path = GameScene.h; sourceTree = "<group>"; };
		B500DEC21B7971610028D315 /* GameScene.m */ = {isa = PBXFileReference; lastKnownFileType = sourcecode.c.objc; path = GameScene.m; sourceTree = "<group>"; };
		B500DEC61B7971610028D315 /* GameViewController.h */ = {isa = PBXFileReference; lastKnownFileType = sourcecode.c.h; path = GameViewController.h; sourceTree = "<group>"; };
		B500DEC71B7971610028D315 /* GameViewController.m */ = {isa = PBXFileReference; lastKnownFileType = sourcecode.c.objc; path = GameViewController.m; sourceTree = "<group>"; };
		B500DECA1B7971610028D315 /* Base */ = {isa = PBXFileReference; lastKnownFileType = file.storyboard; name = Base; path = Base.lproj/Main.storyboard; sourceTree = "<group>"; };
		B500DECC1B7971610028D315 /* Images.xcassets */ = {isa = PBXFileReference; lastKnownFileType = folder.assetcatalog; path = Images.xcassets; sourceTree = "<group>"; };
		B500DECF1B7971610028D315 /* Base */ = {isa = PBXFileReference; lastKnownFileType = file.xib; name = Base; path = Base.lproj/LaunchScreen.xib; sourceTree = "<group>"; };
		B500DED51B7971610028D315 /* MarTests.xctest */ = {isa = PBXFileReference; explicitFileType = wrapper.cfbundle; includeInIndex = 0; path = MarTests.xctest; sourceTree = BUILT_PRODUCTS_DIR; };
		B500DEDA1B7971610028D315 /* Info.plist */ = {isa = PBXFileReference; lastKnownFileType = text.plist.xml; path = Info.plist; sourceTree = "<group>"; };
		B500DEDB1B7971610028D315 /* MarTests.m */ = {isa = PBXFileReference; lastKnownFileType = sourcecode.c.objc; path = MarTests.m; sourceTree = "<group>"; };
		B500DEE51B7975CA0028D315 /* Ship.h */ = {isa = PBXFileReference; fileEncoding = 4; lastKnownFileType = sourcecode.c.h; path = Ship.h; sourceTree = "<group>"; };
		B500DEE61B7975CA0028D315 /* Ship.m */ = {isa = PBXFileReference; fileEncoding = 4; lastKnownFileType = sourcecode.c.objc; path = Ship.m; sourceTree = "<group>"; };
		B500DEE81B7977050028D315 /* ship.png */ = {isa = PBXFileReference; lastKnownFileType = image.png; path = ship.png; sourceTree = "<group>"; };
		B500DEED1B79992B0028D315 /* Spawner.h */ = {isa = PBXFileReference; fileEncoding = 4; lastKnownFileType = sourcecode.c.h; path = Spawner.h; sourceTree = "<group>"; };
		B500DEEE1B79992B0028D315 /* Spawner.m */ = {isa = PBXFileReference; fileEncoding = 4; lastKnownFileType = sourcecode.c.objc; path = Spawner.m; sourceTree = "<group>"; };
		B500DEF21B799B4C0028D315 /* ShipManager.h */ = {isa = PBXFileReference; fileEncoding = 4; lastKnownFileType = sourcecode.c.h; path = ShipManager.h; sourceTree = "<group>"; };
		B500DEF31B799B4C0028D315 /* ShipManager.m */ = {isa = PBXFileReference; fileEncoding = 4; lastKnownFileType = sourcecode.c.objc; path = ShipManager.m; sourceTree = "<group>"; };
		B500DEF51B79A8210028D315 /* SpotLight.h */ = {isa = PBXFileReference; fileEncoding = 4; lastKnownFileType = sourcecode.c.h; path = SpotLight.h; sourceTree = "<group>"; };
		B500DEF61B79A8210028D315 /* SpotLight.m */ = {isa = PBXFileReference; fileEncoding = 4; lastKnownFileType = sourcecode.c.objc; path = SpotLight.m; sourceTree = "<group>"; };
		B500DEF81B79A9E40028D315 /* water.png */ = {isa = PBXFileReference; lastKnownFileType = image.png; path = water.png; sourceTree = "<group>"; };
		B500DEFD1B79B9DC0028D315 /* Background.h */ = {isa = PBXFileReference; fileEncoding = 4; lastKnownFileType = sourcecode.c.h; path = Background.h; sourceTree = "<group>"; };
		B500DEFE1B79B9DC0028D315 /* Background.m */ = {isa = PBXFileReference; fileEncoding = 4; lastKnownFileType = sourcecode.c.objc; path = Background.m; sourceTree = "<group>"; };
		B500DF021B79C1FE0028D315 /* beam.png */ = {isa = PBXFileReference; lastKnownFileType = image.png; path = beam.png; sourceTree = "<group>"; };
		B500DF041B79C2B60028D315 /* Lighthouse.h */ = {isa = PBXFileReference; fileEncoding = 4; lastKnownFileType = sourcecode.c.h; path = Lighthouse.h; sourceTree = "<group>"; };
		B500DF051B79C2B60028D315 /* Lighthouse.m */ = {isa = PBXFileReference; fileEncoding = 4; lastKnownFileType = sourcecode.c.objc; path = Lighthouse.m; sourceTree = "<group>"; };
		B5364C5D1B8035A0005DF532 /* MessageUI.framework */ = {isa = PBXFileReference; lastKnownFileType = wrapper.framework; name = MessageUI.framework; path = System/Library/Frameworks/MessageUI.framework; sourceTree = SDKROOT; };
		B5364C621B825B6C005DF532 /* Rock.h */ = {isa = PBXFileReference; fileEncoding = 4; lastKnownFileType = sourcecode.c.h; path = Rock.h; sourceTree = "<group>"; };
		B5364C631B825B6C005DF532 /* Rock.m */ = {isa = PBXFileReference; fileEncoding = 4; lastKnownFileType = sourcecode.c.objc; path = Rock.m; sourceTree = "<group>"; };
		B5364C691B826CA0005DF532 /* levels */ = {isa = PBXFileReference; lastKnownFileType = folder; path = levels; sourceTree = "<group>"; };
		B5E3B6631B7EF19300A2A123 /* selectionMenu.png */ = {isa = PBXFileReference; lastKnownFileType = image.png; path = selectionMenu.png; sourceTree = "<group>"; };
		B5E3B6651B7F9F6600A2A123 /* LevelData.h */ = {isa = PBXFileReference; fileEncoding = 4; lastKnownFileType = sourcecode.c.h; path = LevelData.h; sourceTree = "<group>"; };
		B5E3B6661B7F9F6600A2A123 /* LevelData.m */ = {isa = PBXFileReference; fileEncoding = 4; lastKnownFileType = sourcecode.c.objc; path = LevelData.m; sourceTree = "<group>"; };
		B5E3B77D1B7FBF9500A2A123 /* EditorScene.h */ = {isa = PBXFileReference; fileEncoding = 4; lastKnownFileType = sourcecode.c.h; path = EditorScene.h; sourceTree = "<group>"; };
		B5E3B77E1B7FBF9500A2A123 /* EditorScene.m */ = {isa = PBXFileReference; fileEncoding = 4; lastKnownFileType = sourcecode.c.objc; path = EditorScene.m; sourceTree = "<group>"; };
		B5E3B77F1B7FBF9500A2A123 /* EDSelection.h */ = {isa = PBXFileReference; fileEncoding = 4; lastKnownFileType = sourcecode.c.h; path = EDSelection.h; sourceTree = "<group>"; };
		B5E3B7801B7FBF9500A2A123 /* EDSelection.m */ = {isa = PBXFileReference; fileEncoding = 4; lastKnownFileType = sourcecode.c.objc; path = EDSelection.m; sourceTree = "<group>"; };
		B5F7F8961B7B887B007FDC81 /* waterShader.fsh */ = {isa = PBXFileReference; fileEncoding = 4; lastKnownFileType = sourcecode.glsl; path = waterShader.fsh; sourceTree = "<group>"; };
		B5F7F8981B7BFB6D007FDC81 /* waterTile.png */ = {isa = PBXFileReference; lastKnownFileType = image.png; path = waterTile.png; sourceTree = "<group>"; };
		B5F7F89A1B7BFBBB007FDC81 /* waterDUDV.png */ = {isa = PBXFileReference; lastKnownFileType = image.png; path = waterDUDV.png; sourceTree = "<group>"; };
		B5F7F89C1B7BFBED007FDC81 /* todo.txt */ = {isa = PBXFileReference; fileEncoding = 4; lastKnownFileType = text; path = todo.txt; sourceTree = "<group>"; };
		B5F7F89E1B7C3352007FDC81 /* LightControlRail.h */ = {isa = PBXFileReference; fileEncoding = 4; lastKnownFileType = sourcecode.c.h; path = LightControlRail.h; sourceTree = "<group>"; };
		B5F7F89F1B7C3352007FDC81 /* LightControlRail.m */ = {isa = PBXFileReference; fileEncoding = 4; lastKnownFileType = sourcecode.c.objc; path = LightControlRail.m; sourceTree = "<group>"; };
		B5F7F8A11B7C3AA9007FDC81 /* ball.png */ = {isa = PBXFileReference; lastKnownFileType = image.png; path = ball.png; sourceTree = "<group>"; };
		B5F7F8A21B7C3AA9007FDC81 /* blackTrack.png */ = {isa = PBXFileReference; lastKnownFileType = image.png; path = blackTrack.png; sourceTree = "<group>"; };
		B5F7F8A51B7D9962007FDC81 /* Level.h */ = {isa = PBXFileReference; fileEncoding = 4; lastKnownFileType = sourcecode.c.h; path = Level.h; sourceTree = "<group>"; };
		B5F7F8A61B7D9962007FDC81 /* Level.m */ = {isa = PBXFileReference; fileEncoding = 4; lastKnownFileType = sourcecode.c.objc; path = Level.m; sourceTree = "<group>"; };
		B5F7F8A81B7EC5CE007FDC81 /* rocks.png */ = {isa = PBXFileReference; lastKnownFileType = image.png; path = rocks.png; sourceTree = "<group>"; };
		B5F7F8AA1B7ECE49007FDC81 /* explosion.sks */ = {isa = PBXFileReference; lastKnownFileType = file.sks; path = explosion.sks; sourceTree = "<group>"; };
		B5F7F8AB1B7ECE49007FDC81 /* spark.png */ = {isa = PBXFileReference; lastKnownFileType = image.png; path = spark.png; sourceTree = "<group>"; };
		B5F7F8AF1B7ED190007FDC81 /* smoke.sks */ = {isa = PBXFileReference; lastKnownFileType = file.sks; path = smoke.sks; sourceTree = "<group>"; };
		B5F7F8B11B7ED1CD007FDC81 /* BrokenShip.h */ = {isa = PBXFileReference; fileEncoding = 4; lastKnownFileType = sourcecode.c.h; path = BrokenShip.h; sourceTree = "<group>"; };
		B5F7F8B21B7ED1CD007FDC81 /* BrokenShip.m */ = {isa = PBXFileReference; fileEncoding = 4; lastKnownFileType = sourcecode.c.objc; path = BrokenShip.m; sourceTree = "<group>"; };
		B5F7F8B41B7ED2D1007FDC81 /* brokenShip.png */ = {isa = PBXFileReference; lastKnownFileType = image.png; path = brokenShip.png; sourceTree = "<group>"; };
		B5F7F8B61B7ED72A007FDC81 /* StartController.h */ = {isa = PBXFileReference; fileEncoding = 4; lastKnownFileType = sourcecode.c.h; path = StartController.h; sourceTree = "<group>"; };
		B5F7F8B71B7ED72A007FDC81 /* StartController.m */ = {isa = PBXFileReference; fileEncoding = 4; lastKnownFileType = sourcecode.c.objc; path = StartController.m; sourceTree = "<group>"; };
		B5F7F8B91B7ED910007FDC81 /* starFrame.png */ = {isa = PBXFileReference; lastKnownFileType = image.png; path = starFrame.png; sourceTree = "<group>"; };
		B5F7F8BA1B7ED910007FDC81 /* starFill.png */ = {isa = PBXFileReference; lastKnownFileType = image.png; path = starFill.png; sourceTree = "<group>"; };
		B5F7F8BD1B7EDE08007FDC81 /* lighthouse.png */ = {isa = PBXFileReference; lastKnownFileType = image.png; path = lighthouse.png; sourceTree = "<group>"; };
		B5F7F8BF1B7EE721007FDC81 /* MenuScene.h */ = {isa = PBXFileReference; fileEncoding = 4; lastKnownFileType = sourcecode.c.h; path = MenuScene.h; sourceTree = "<group>"; };
		B5F7F8C01B7EE721007FDC81 /* MenuScene.m */ = {isa = PBXFileReference; fileEncoding = 4; lastKnownFileType = sourcecode.c.objc; path = MenuScene.m; sourceTree = "<group>"; };
		B5F7F8C51B7EE8E6007FDC81 /* tempButton.png */ = {isa = PBXFileReference; lastKnownFileType = image.png; path = tempButton.png; sourceTree = "<group>"; };
		B5F7F8C81B7EE985007FDC81 /* PrefixHeader.pch */ = {isa = PBXFileReference; lastKnownFileType = sourcecode.c.h; path = PrefixHeader.pch; sourceTree = "<group>"; };
/* End PBXFileReference section */

/* Begin PBXFrameworksBuildPhase section */
		B500DEB41B7971610028D315 /* Frameworks */ = {
			isa = PBXFrameworksBuildPhase;
			buildActionMask = 2147483647;
			files = (
				B5364C5E1B8035A0005DF532 /* MessageUI.framework in Frameworks */,
			);
			runOnlyForDeploymentPostprocessing = 0;
		};
		B500DED21B7971610028D315 /* Frameworks */ = {
			isa = PBXFrameworksBuildPhase;
			buildActionMask = 2147483647;
			files = (
			);
			runOnlyForDeploymentPostprocessing = 0;
		};
/* End PBXFrameworksBuildPhase section */

/* Begin PBXGroup section */
		B500DEAE1B7971610028D315 = {
			isa = PBXGroup;
			children = (
				B5364C5D1B8035A0005DF532 /* MessageUI.framework */,
				B500DEB91B7971610028D315 /* Mar */,
				B500DED81B7971610028D315 /* MarTests */,
				B500DEB81B7971610028D315 /* Products */,
			);
			sourceTree = "<group>";
		};
		B500DEB81B7971610028D315 /* Products */ = {
			isa = PBXGroup;
			children = (
				B500DEB71B7971610028D315 /* Mar.app */,
				B500DED51B7971610028D315 /* MarTests.xctest */,
			);
			name = Products;
			sourceTree = "<group>";
		};
		B500DEB91B7971610028D315 /* Mar */ = {
			isa = PBXGroup;
			children = (
				B5F7F8C81B7EE985007FDC81 /* PrefixHeader.pch */,
				B500DEBE1B7971610028D315 /* AppDelegate.h */,
				B500DEBF1B7971610028D315 /* AppDelegate.m */,
				B500DEC61B7971610028D315 /* GameViewController.h */,
				B500DEC71B7971610028D315 /* GameViewController.m */,
				B500DEC11B7971610028D315 /* GameScene.h */,
				B500DEC21B7971610028D315 /* GameScene.m */,
				B5F7F8BF1B7EE721007FDC81 /* MenuScene.h */,
				B5F7F8C01B7EE721007FDC81 /* MenuScene.m */,
				B5E3B65F1B7EF06400A2A123 /* Editor */,
				B500DEF11B799B3B0028D315 /* controllers */,
				B500DEF01B799B2E0028D315 /* modal */,
				B5364C6C1B82705A005DF532 /* tools */,
				B500DECC1B7971610028D315 /* Images.xcassets */,
				B500DEC91B7971610028D315 /* Main.storyboard */,
				B500DECE1B7971610028D315 /* LaunchScreen.xib */,
				B500DEBA1B7971610028D315 /* Supporting Files */,
			);
			path = Mar;
			sourceTree = "<group>";
		};
		B500DEBA1B7971610028D315 /* Supporting Files */ = {
			isa = PBXGroup;
			children = (
				B5364C691B826CA0005DF532 /* levels */,
				B5F7F8AE1B7ED172007FDC81 /* effects */,
				B5364C6D1B827074005DF532 /* res */,
				B500DEBB1B7971610028D315 /* Info.plist */,
				B500DEBC1B7971610028D315 /* main.m */,
				B5F7F89C1B7BFBED007FDC81 /* todo.txt */,
			);
			name = "Supporting Files";
			sourceTree = "<group>";
		};
		B500DED81B7971610028D315 /* MarTests */ = {
			isa = PBXGroup;
			children = (
				B500DEDB1B7971610028D315 /* MarTests.m */,
				B500DED91B7971610028D315 /* Supporting Files */,
			);
			path = MarTests;
			sourceTree = "<group>";
		};
		B500DED91B7971610028D315 /* Supporting Files */ = {
			isa = PBXGroup;
			children = (
				B500DEDA1B7971610028D315 /* Info.plist */,
			);
			name = "Supporting Files";
			sourceTree = "<group>";
		};
		B500DEF01B799B2E0028D315 /* modal */ = {
			isa = PBXGroup;
			children = (
				B5E3B6651B7F9F6600A2A123 /* LevelData.h */,
				B5E3B6661B7F9F6600A2A123 /* LevelData.m */,
				B5F7F8A51B7D9962007FDC81 /* Level.h */,
				B5F7F8A61B7D9962007FDC81 /* Level.m */,
				B500DEE51B7975CA0028D315 /* Ship.h */,
				B500DEE61B7975CA0028D315 /* Ship.m */,
				B5F7F8B11B7ED1CD007FDC81 /* BrokenShip.h */,
				B5F7F8B21B7ED1CD007FDC81 /* BrokenShip.m */,
				B5364C621B825B6C005DF532 /* Rock.h */,
				B5364C631B825B6C005DF532 /* Rock.m */,
				B500DEF51B79A8210028D315 /* SpotLight.h */,
				B500DEF61B79A8210028D315 /* SpotLight.m */,
				B500DF041B79C2B60028D315 /* Lighthouse.h */,
				B500DF051B79C2B60028D315 /* Lighthouse.m */,
				B500DEFD1B79B9DC0028D315 /* Background.h */,
				B500DEFE1B79B9DC0028D315 /* Background.m */,
				B5F7F8961B7B887B007FDC81 /* waterShader.fsh */,
			);
			name = modal;
			sourceTree = "<group>";
		};
		B500DEF11B799B3B0028D315 /* controllers */ = {
			isa = PBXGroup;
			children = (
				B500DEED1B79992B0028D315 /* Spawner.h */,
				B500DEEE1B79992B0028D315 /* Spawner.m */,
				B500DEF21B799B4C0028D315 /* ShipManager.h */,
				B500DEF31B799B4C0028D315 /* ShipManager.m */,
				B5F7F8B61B7ED72A007FDC81 /* StartController.h */,
				B5F7F8B71B7ED72A007FDC81 /* StartController.m */,
				B5F7F89E1B7C3352007FDC81 /* LightControlRail.h */,
				B5F7F89F1B7C3352007FDC81 /* LightControlRail.m */,
			);
			name = controllers;
			sourceTree = "<group>";
		};
		B5364C6C1B82705A005DF532 /* tools */ = {
			isa = PBXGroup;
			children = (
			);
			name = tools;
			sourceTree = "<group>";
		};
		B5364C6D1B827074005DF532 /* res */ = {
			isa = PBXGroup;
			children = (
				B5F7F8C51B7EE8E6007FDC81 /* tempButton.png */,
				B5F7F8B91B7ED910007FDC81 /* starFrame.png */,
				B5F7F8BA1B7ED910007FDC81 /* starFill.png */,
				B5F7F8A81B7EC5CE007FDC81 /* rocks.png */,
				B5F7F8BD1B7EDE08007FDC81 /* lighthouse.png */,
				B5F7F8A11B7C3AA9007FDC81 /* ball.png */,
				B5F7F8A21B7C3AA9007FDC81 /* blackTrack.png */,
				B5F7F89A1B7BFBBB007FDC81 /* waterDUDV.png */,
				B5F7F8981B7BFB6D007FDC81 /* waterTile.png */,
				B500DF021B79C1FE0028D315 /* beam.png */,
				B500DEF81B79A9E40028D315 /* water.png */,
				B500DEE81B7977050028D315 /* ship.png */,
				B5F7F8B41B7ED2D1007FDC81 /* brokenShip.png */,
				B5E3B6631B7EF19300A2A123 /* selectionMenu.png */,
			);
			name = res;
			sourceTree = "<group>";
		};
		B5E3B65F1B7EF06400A2A123 /* Editor */ = {
			isa = PBXGroup;
			children = (
				B5E3B77D1B7FBF9500A2A123 /* EditorScene.h */,
				B5E3B77E1B7FBF9500A2A123 /* EditorScene.m */,
				B5E3B77F1B7FBF9500A2A123 /* EDSelection.h */,
				B5E3B7801B7FBF9500A2A123 /* EDSelection.m */,
			);
			name = Editor;
			sourceTree = "<group>";
		};
		B5F7F8AE1B7ED172007FDC81 /* effects */ = {
			isa = PBXGroup;
			children = (
				B5F7F8AB1B7ECE49007FDC81 /* spark.png */,
				B5F7F8AA1B7ECE49007FDC81 /* explosion.sks */,
				B5F7F8AF1B7ED190007FDC81 /* smoke.sks */,
			);
			name = effects;
			sourceTree = "<group>";
		};
/* End PBXGroup section */

/* Begin PBXNativeTarget section */
		B500DEB61B7971610028D315 /* Mar */ = {
			isa = PBXNativeTarget;
			buildConfigurationList = B500DEDF1B7971610028D315 /* Build configuration list for PBXNativeTarget "Mar" */;
			buildPhases = (
				B500DEB31B7971610028D315 /* Sources */,
				B500DEB41B7971610028D315 /* Frameworks */,
				B500DEB51B7971610028D315 /* Resources */,
			);
			buildRules = (
			);
			dependencies = (
			);
			name = Mar;
			productName = Mar;
			productReference = B500DEB71B7971610028D315 /* Mar.app */;
			productType = "com.apple.product-type.application";
		};
		B500DED41B7971610028D315 /* MarTests */ = {
			isa = PBXNativeTarget;
			buildConfigurationList = B500DEE21B7971610028D315 /* Build configuration list for PBXNativeTarget "MarTests" */;
			buildPhases = (
				B500DED11B7971610028D315 /* Sources */,
				B500DED21B7971610028D315 /* Frameworks */,
				B500DED31B7971610028D315 /* Resources */,
			);
			buildRules = (
			);
			dependencies = (
				B500DED71B7971610028D315 /* PBXTargetDependency */,
			);
			name = MarTests;
			productName = MarTests;
			productReference = B500DED51B7971610028D315 /* MarTests.xctest */;
			productType = "com.apple.product-type.bundle.unit-test";
		};
/* End PBXNativeTarget section */

/* Begin PBXProject section */
		B500DEAF1B7971610028D315 /* Project object */ = {
			isa = PBXProject;
			attributes = {
				LastUpgradeCheck = 0640;
				ORGANIZATIONNAME = "Marz Software";
				TargetAttributes = {
					B500DEB61B7971610028D315 = {
						CreatedOnToolsVersion = 6.4;
					};
					B500DED41B7971610028D315 = {
						CreatedOnToolsVersion = 6.4;
						TestTargetID = B500DEB61B7971610028D315;
					};
				};
			};
			buildConfigurationList = B500DEB21B7971610028D315 /* Build configuration list for PBXProject "Mar" */;
			compatibilityVersion = "Xcode 3.2";
			developmentRegion = English;
			hasScannedForEncodings = 0;
			knownRegions = (
				en,
				Base,
			);
			mainGroup = B500DEAE1B7971610028D315;
			productRefGroup = B500DEB81B7971610028D315 /* Products */;
			projectDirPath = "";
			projectRoot = "";
			targets = (
				B500DEB61B7971610028D315 /* Mar */,
				B500DED41B7971610028D315 /* MarTests */,
			);
		};
/* End PBXProject section */

/* Begin PBXResourcesBuildPhase section */
		B500DEB51B7971610028D315 /* Resources */ = {
			isa = PBXResourcesBuildPhase;
			buildActionMask = 2147483647;
			files = (
				B5F7F8971B7B887B007FDC81 /* waterShader.fsh in Resources */,
				B5F7F8B01B7ED190007FDC81 /* smoke.sks in Resources */,
				B5F7F8BC1B7ED910007FDC81 /* starFill.png in Resources */,
				B5F7F8B51B7ED2D1007FDC81 /* brokenShip.png in Resources */,
				B500DF031B79C1FE0028D315 /* beam.png in Resources */,
				B5F7F8C61B7EE8E6007FDC81 /* tempButton.png in Resources */,
				B500DED01B7971610028D315 /* LaunchScreen.xib in Resources */,
				B5F7F8991B7BFB6D007FDC81 /* waterTile.png in Resources */,
				B5F7F89D1B7BFBED007FDC81 /* todo.txt in Resources */,
				B5F7F8A31B7C3AA9007FDC81 /* ball.png in Resources */,
				B5E3B6641B7EF19300A2A123 /* selectionMenu.png in Resources */,
				B500DEE91B7977050028D315 /* ship.png in Resources */,
				B500DECD1B7971610028D315 /* Images.xcassets in Resources */,
				B5F7F89B1B7BFBBB007FDC81 /* waterDUDV.png in Resources */,
				B5F7F8BB1B7ED910007FDC81 /* starFrame.png in Resources */,
				B5F7F8A41B7C3AA9007FDC81 /* blackTrack.png in Resources */,
				B5364C6A1B826CA0005DF532 /* levels in Resources */,
				B5F7F8BE1B7EDE08007FDC81 /* lighthouse.png in Resources */,
				B5F7F8A91B7EC5CE007FDC81 /* rocks.png in Resources */,
				B5F7F8AC1B7ECE49007FDC81 /* explosion.sks in Resources */,
				B500DECB1B7971610028D315 /* Main.storyboard in Resources */,
				B500DEF91B79A9E40028D315 /* water.png in Resources */,
				B5F7F8AD1B7ECE49007FDC81 /* spark.png in Resources */,
			);
			runOnlyForDeploymentPostprocessing = 0;
		};
		B500DED31B7971610028D315 /* Resources */ = {
			isa = PBXResourcesBuildPhase;
			buildActionMask = 2147483647;
			files = (
			);
			runOnlyForDeploymentPostprocessing = 0;
		};
/* End PBXResourcesBuildPhase section */

/* Begin PBXSourcesBuildPhase section */
		B500DEB31B7971610028D315 /* Sources */ = {
			isa = PBXSourcesBuildPhase;
			buildActionMask = 2147483647;
			files = (
				B5E3B6671B7F9F6600A2A123 /* LevelData.m in Sources */,
				B5364C641B825B6C005DF532 /* Rock.m in Sources */,
				B500DEE71B7975CA0028D315 /* Ship.m in Sources */,
				B500DEF41B799B4C0028D315 /* ShipManager.m in Sources */,
				B500DEC81B7971610028D315 /* GameViewController.m in Sources */,
				B5E3B7811B7FBF9500A2A123 /* EditorScene.m in Sources */,
				B5E3B7821B7FBF9500A2A123 /* EDSelection.m in Sources */,
				B500DF061B79C2B60028D315 /* Lighthouse.m in Sources */,
				B5F7F8B81B7ED72A007FDC81 /* StartController.m in Sources */,
				B500DEEF1B79992B0028D315 /* Spawner.m in Sources */,
				B5F7F8C11B7EE721007FDC81 /* MenuScene.m in Sources */,
				B500DEFF1B79B9DC0028D315 /* Background.m in Sources */,
				B500DEF71B79A8210028D315 /* SpotLight.m in Sources */,
				B500DEC01B7971610028D315 /* AppDelegate.m in Sources */,
				B500DEC31B7971610028D315 /* GameScene.m in Sources */,
				B5F7F8B31B7ED1CD007FDC81 /* BrokenShip.m in Sources */,
				B5F7F8A01B7C3352007FDC81 /* LightControlRail.m in Sources */,
				B5F7F8A71B7D9962007FDC81 /* Level.m in Sources */,
				B500DEBD1B7971610028D315 /* main.m in Sources */,
			);
			runOnlyForDeploymentPostprocessing = 0;
		};
		B500DED11B7971610028D315 /* Sources */ = {
			isa = PBXSourcesBuildPhase;
			buildActionMask = 2147483647;
			files = (
				B500DEDC1B7971610028D315 /* MarTests.m in Sources */,
			);
			runOnlyForDeploymentPostprocessing = 0;
		};
/* End PBXSourcesBuildPhase section */

/* Begin PBXTargetDependency section */
		B500DED71B7971610028D315 /* PBXTargetDependency */ = {
			isa = PBXTargetDependency;
			target = B500DEB61B7971610028D315 /* Mar */;
			targetProxy = B500DED61B7971610028D315 /* PBXContainerItemProxy */;
		};
/* End PBXTargetDependency section */

/* Begin PBXVariantGroup section */
		B500DEC91B7971610028D315 /* Main.storyboard */ = {
			isa = PBXVariantGroup;
			children = (
				B500DECA1B7971610028D315 /* Base */,
			);
			name = Main.storyboard;
			sourceTree = "<group>";
		};
		B500DECE1B7971610028D315 /* LaunchScreen.xib */ = {
			isa = PBXVariantGroup;
			children = (
				B500DECF1B7971610028D315 /* Base */,
			);
			name = LaunchScreen.xib;
			sourceTree = "<group>";
		};
/* End PBXVariantGroup section */

/* Begin XCBuildConfiguration section */
		B500DEDD1B7971610028D315 /* Debug */ = {
			isa = XCBuildConfiguration;
			buildSettings = {
				ALWAYS_SEARCH_USER_PATHS = NO;
				CLANG_CXX_LANGUAGE_STANDARD = "gnu++0x";
				CLANG_CXX_LIBRARY = "libc++";
				CLANG_ENABLE_MODULES = YES;
				CLANG_ENABLE_OBJC_ARC = YES;
				CLANG_WARN_BOOL_CONVERSION = YES;
				CLANG_WARN_CONSTANT_CONVERSION = YES;
				CLANG_WARN_DIRECT_OBJC_ISA_USAGE = YES_ERROR;
				CLANG_WARN_EMPTY_BODY = YES;
				CLANG_WARN_ENUM_CONVERSION = YES;
				CLANG_WARN_INT_CONVERSION = YES;
				CLANG_WARN_OBJC_ROOT_CLASS = YES_ERROR;
				CLANG_WARN_UNREACHABLE_CODE = YES;
				CLANG_WARN__DUPLICATE_METHOD_MATCH = YES;
				"CODE_SIGN_IDENTITY[sdk=iphoneos*]" = "iPhone Developer";
				COPY_PHASE_STRIP = NO;
				DEBUG_INFORMATION_FORMAT = "dwarf-with-dsym";
				ENABLE_STRICT_OBJC_MSGSEND = YES;
				GCC_C_LANGUAGE_STANDARD = gnu99;
				GCC_DYNAMIC_NO_PIC = NO;
				GCC_NO_COMMON_BLOCKS = YES;
				GCC_OPTIMIZATION_LEVEL = 0;
				GCC_PREPROCESSOR_DEFINITIONS = (
					"DEBUG=1",
					"$(inherited)",
				);
				GCC_SYMBOLS_PRIVATE_EXTERN = NO;
				GCC_WARN_64_TO_32_BIT_CONVERSION = YES;
				GCC_WARN_ABOUT_RETURN_TYPE = YES_ERROR;
				GCC_WARN_UNDECLARED_SELECTOR = YES;
				GCC_WARN_UNINITIALIZED_AUTOS = YES_AGGRESSIVE;
				GCC_WARN_UNUSED_FUNCTION = YES;
				GCC_WARN_UNUSED_VARIABLE = YES;
				IPHONEOS_DEPLOYMENT_TARGET = 8.4;
				MTL_ENABLE_DEBUG_INFO = YES;
				ONLY_ACTIVE_ARCH = YES;
				SDKROOT = iphoneos;
				TARGETED_DEVICE_FAMILY = "1,2";
			};
			name = Debug;
		};
		B500DEDE1B7971610028D315 /* Release */ = {
			isa = XCBuildConfiguration;
			buildSettings = {
				ALWAYS_SEARCH_USER_PATHS = NO;
				CLANG_CXX_LANGUAGE_STANDARD = "gnu++0x";
				CLANG_CXX_LIBRARY = "libc++";
				CLANG_ENABLE_MODULES = YES;
				CLANG_ENABLE_OBJC_ARC = YES;
				CLANG_WARN_BOOL_CONVERSION = YES;
				CLANG_WARN_CONSTANT_CONVERSION = YES;
				CLANG_WARN_DIRECT_OBJC_ISA_USAGE = YES_ERROR;
				CLANG_WARN_EMPTY_BODY = YES;
				CLANG_WARN_ENUM_CONVERSION = YES;
				CLANG_WARN_INT_CONVERSION = YES;
				CLANG_WARN_OBJC_ROOT_CLASS = YES_ERROR;
				CLANG_WARN_UNREACHABLE_CODE = YES;
				CLANG_WARN__DUPLICATE_METHOD_MATCH = YES;
				"CODE_SIGN_IDENTITY[sdk=iphoneos*]" = "iPhone Developer";
				COPY_PHASE_STRIP = NO;
				DEBUG_INFORMATION_FORMAT = "dwarf-with-dsym";
				ENABLE_NS_ASSERTIONS = NO;
				ENABLE_STRICT_OBJC_MSGSEND = YES;
				GCC_C_LANGUAGE_STANDARD = gnu99;
				GCC_NO_COMMON_BLOCKS = YES;
				GCC_WARN_64_TO_32_BIT_CONVERSION = YES;
				GCC_WARN_ABOUT_RETURN_TYPE = YES_ERROR;
				GCC_WARN_UNDECLARED_SELECTOR = YES;
				GCC_WARN_UNINITIALIZED_AUTOS = YES_AGGRESSIVE;
				GCC_WARN_UNUSED_FUNCTION = YES;
				GCC_WARN_UNUSED_VARIABLE = YES;
				IPHONEOS_DEPLOYMENT_TARGET = 8.4;
				MTL_ENABLE_DEBUG_INFO = NO;
				SDKROOT = iphoneos;
				TARGETED_DEVICE_FAMILY = "1,2";
				VALIDATE_PRODUCT = YES;
			};
			name = Release;
		};
		B500DEE01B7971610028D315 /* Debug */ = {
			isa = XCBuildConfiguration;
			buildSettings = {
				ASSETCATALOG_COMPILER_APPICON_NAME = AppIcon;
				CODE_SIGN_IDENTITY = "iPhone Developer";
				INFOPLIST_FILE = Mar/Info.plist;
				IPHONEOS_DEPLOYMENT_TARGET = 8.0;
				LD_RUNPATH_SEARCH_PATHS = "$(inherited) @executable_path/Frameworks";
				PRODUCT_NAME = "$(TARGET_NAME)";
				TARGETED_DEVICE_FAMILY = "1,2";
			};
			name = Debug;
		};
		B500DEE11B7971610028D315 /* Release */ = {
			isa = XCBuildConfiguration;
			buildSettings = {
				ASSETCATALOG_COMPILER_APPICON_NAME = AppIcon;
				CODE_SIGN_IDENTITY = "iPhone Developer";
				INFOPLIST_FILE = Mar/Info.plist;
				IPHONEOS_DEPLOYMENT_TARGET = 8.0;
				LD_RUNPATH_SEARCH_PATHS = "$(inherited) @executable_path/Frameworks";
				PRODUCT_NAME = "$(TARGET_NAME)";
				TARGETED_DEVICE_FAMILY = "1,2";
			};
			name = Release;
		};
		B500DEE31B7971610028D315 /* Debug */ = {
			isa = XCBuildConfiguration;
			buildSettings = {
				BUNDLE_LOADER = "$(TEST_HOST)";
				FRAMEWORK_SEARCH_PATHS = (
					"$(SDKROOT)/Developer/Library/Frameworks",
					"$(inherited)",
				);
				GCC_PREPROCESSOR_DEFINITIONS = (
					"DEBUG=1",
					"$(inherited)",
				);
				INFOPLIST_FILE = MarTests/Info.plist;
				LD_RUNPATH_SEARCH_PATHS = "$(inherited) @executable_path/Frameworks @loader_path/Frameworks";
				PRODUCT_NAME = "$(TARGET_NAME)";
				TEST_HOST = "$(BUILT_PRODUCTS_DIR)/Mar.app/Mar";
			};
			name = Debug;
		};
		B500DEE41B7971610028D315 /* Release */ = {
			isa = XCBuildConfiguration;
			buildSettings = {
				BUNDLE_LOADER = "$(TEST_HOST)";
				FRAMEWORK_SEARCH_PATHS = (
					"$(SDKROOT)/Developer/Library/Frameworks",
					"$(inherited)",
				);
				INFOPLIST_FILE = MarTests/Info.plist;
				LD_RUNPATH_SEARCH_PATHS = "$(inherited) @executable_path/Frameworks @loader_path/Frameworks";
				PRODUCT_NAME = "$(TARGET_NAME)";
				TEST_HOST = "$(BUILT_PRODUCTS_DIR)/Mar.app/Mar";
			};
			name = Release;
		};
/* End XCBuildConfiguration section */

/* Begin XCConfigurationList section */
		B500DEB21B7971610028D315 /* Build configuration list for PBXProject "Mar" */ = {
			isa = XCConfigurationList;
			buildConfigurations = (
				B500DEDD1B7971610028D315 /* Debug */,
				B500DEDE1B7971610028D315 /* Release */,
			);
			defaultConfigurationIsVisible = 0;
			defaultConfigurationName = Release;
		};
		B500DEDF1B7971610028D315 /* Build configuration list for PBXNativeTarget "Mar" */ = {
			isa = XCConfigurationList;
			buildConfigurations = (
				B500DEE01B7971610028D315 /* Debug */,
				B500DEE11B7971610028D315 /* Release */,
			);
			defaultConfigurationIsVisible = 0;
			defaultConfigurationName = Release;
		};
		B500DEE21B7971610028D315 /* Build configuration list for PBXNativeTarget "MarTests" */ = {
			isa = XCConfigurationList;
			buildConfigurations = (
				B500DEE31B7971610028D315 /* Debug */,
				B500DEE41B7971610028D315 /* Release */,
			);
			defaultConfigurationIsVisible = 0;
			defaultConfigurationName = Release;
		};
/* End XCConfigurationList section */
	};
	rootObject = B500DEAF1B7971610028D315 /* Project object */;
}
