// !$*UTF8*$!
{
	archiveVersion = 1;
	classes = {
	};
	objectVersion = 46;
	objects = {

/* Begin PBXBuildFile section */
		B500DEBD1B7971610028D315 /* main.m in Sources */ = {isa = PBXBuildFile; fileRef = B500DEBC1B7971610028D315 /* main.m */; };
		B500DEC01B7971610028D315 /* AppDelegate.m in Sources */ = {isa = PBXBuildFile; fileRef = B500DEBF1B7971610028D315 /* AppDelegate.m */; };
		B500DEC31B7971610028D315 /* GameScene.m in Sources */ = {isa = PBXBuildFile; fileRef = B500DEC21B7971610028D315 /* GameScene.m */; };
		B500DEC51B7971610028D315 /* GameScene.sks in Resources */ = {isa = PBXBuildFile; fileRef = B500DEC41B7971610028D315 /* GameScene.sks */; };
		B500DEC81B7971610028D315 /* GameViewController.m in Sources */ = {isa = PBXBuildFile; fileRef = B500DEC71B7971610028D315 /* GameViewController.m */; };
		B500DECB1B7971610028D315 /* Main.storyboard in Resources */ = {isa = PBXBuildFile; fileRef = B500DEC91B7971610028D315 /* Main.storyboard */; };
		B500DECD1B7971610028D315 /* Images.xcassets in Resources */ = {isa = PBXBuildFile; fileRef = B500DECC1B7971610028D315 /* Images.xcassets */; };
		B500DED01B7971610028D315 /* LaunchScreen.xib in Resources */ = {isa = PBXBuildFile; fileRef = B500DECE1B7971610028D315 /* LaunchScreen.xib */; };
		B500DEDC1B7971610028D315 /* MarTests.m in Sources */ = {isa = PBXBuildFile; fileRef = B500DEDB1B7971610028D315 /* MarTests.m */; };
		B500DEE71B7975CA0028D315 /* Ship.m in Sources */ = {isa = PBXBuildFile; fileRef = B500DEE61B7975CA0028D315 /* Ship.m */; };
		B500DEE91B7977050028D315 /* ship.png in Resources */ = {isa = PBXBuildFile; fileRef = B500DEE81B7977050028D315 /* ship.png */; };
		B500DEEF1B79992B0028D315 /* Spawner.m in Sources */ = {isa = PBXBuildFile; fileRef = B500DEEE1B79992B0028D315 /* Spawner.m */; };
		B500DEF41B799B4C0028D315 /* ShipManager.m in Sources */ = {isa = PBXBuildFile; fileRef = B500DEF31B799B4C0028D315 /* ShipManager.m */; };
		B500DEF71B79A8210028D315 /* SpotLight.m in Sources */ = {isa = PBXBuildFile; fileRef = B500DEF61B79A8210028D315 /* SpotLight.m */; };
		B500DEF91B79A9E40028D315 /* water.png in Resources */ = {isa = PBXBuildFile; fileRef = B500DEF81B79A9E40028D315 /* water.png */; };
		B500DEFF1B79B9DC0028D315 /* Background.m in Sources */ = {isa = PBXBuildFile; fileRef = B500DEFE1B79B9DC0028D315 /* Background.m */; };
		B500DF011B79BCAF0028D315 /* lighthouse.png in Resources */ = {isa = PBXBuildFile; fileRef = B500DF001B79BCAF0028D315 /* lighthouse.png */; };
		B500DF031B79C1FE0028D315 /* beam.png in Resources */ = {isa = PBXBuildFile; fileRef = B500DF021B79C1FE0028D315 /* beam.png */; };
		B500DF061B79C2B60028D315 /* Lighthouse.m in Sources */ = {isa = PBXBuildFile; fileRef = B500DF051B79C2B60028D315 /* Lighthouse.m */; };
		B500DF091B79C4E00028D315 /* TouchBox.m in Sources */ = {isa = PBXBuildFile; fileRef = B500DF081B79C4E00028D315 /* TouchBox.m */; };
/* End PBXBuildFile section */

/* Begin PBXContainerItemProxy section */
		B500DED61B7971610028D315 /* PBXContainerItemProxy */ = {
			isa = PBXContainerItemProxy;
			containerPortal = B500DEAF1B7971610028D315 /* Project object */;
			proxyType = 1;
			remoteGlobalIDString = B500DEB61B7971610028D315;
			remoteInfo = Mar;
		};
/* End PBXContainerItemProxy section */

/* Begin PBXFileReference section */
		B500DEB71B7971610028D315 /* Mar.app */ = {isa = PBXFileReference; explicitFileType = wrapper.application; includeInIndex = 0; path = Mar.app; sourceTree = BUILT_PRODUCTS_DIR; };
		B500DEBB1B7971610028D315 /* Info.plist */ = {isa = PBXFileReference; lastKnownFileType = text.plist.xml; path = Info.plist; sourceTree = "<group>"; };
		B500DEBC1B7971610028D315 /* main.m */ = {isa = PBXFileReference; lastKnownFileType = sourcecode.c.objc; path = main.m; sourceTree = "<group>"; };
		B500DEBE1B7971610028D315 /* AppDelegate.h */ = {isa = PBXFileReference; lastKnownFileType = sourcecode.c.h; path = AppDelegate.h; sourceTree = "<group>"; };
		B500DEBF1B7971610028D315 /* AppDelegate.m */ = {isa = PBXFileReference; lastKnownFileType = sourcecode.c.objc; path = AppDelegate.m; sourceTree = "<group>"; };
		B500DEC11B7971610028D315 /* GameScene.h */ = {isa = PBXFileReference; lastKnownFileType = sourcecode.c.h; path = GameScene.h; sourceTree = "<group>"; };
		B500DEC21B7971610028D315 /* GameScene.m */ = {isa = PBXFileReference; lastKnownFileType = sourcecode.c.objc; path = GameScene.m; sourceTree = "<group>"; };
		B500DEC41B7971610028D315 /* GameScene.sks */ = {isa = PBXFileReference; lastKnownFileType = file.sks; path = GameScene.sks; sourceTree = "<group>"; };
		B500DEC61B7971610028D315 /* GameViewController.h */ = {isa = PBXFileReference; lastKnownFileType = sourcecode.c.h; path = GameViewController.h; sourceTree = "<group>"; };
		B500DEC71B7971610028D315 /* GameViewController.m */ = {isa = PBXFileReference; lastKnownFileType = sourcecode.c.objc; path = GameViewController.m; sourceTree = "<group>"; };
		B500DECA1B7971610028D315 /* Base */ = {isa = PBXFileReference; lastKnownFileType = file.storyboard; name = Base; path = Base.lproj/Main.storyboard; sourceTree = "<group>"; };
		B500DECC1B7971610028D315 /* Images.xcassets */ = {isa = PBXFileReference; lastKnownFileType = folder.assetcatalog; path = Images.xcassets; sourceTree = "<group>"; };
		B500DECF1B7971610028D315 /* Base */ = {isa = PBXFileReference; lastKnownFileType = file.xib; name = Base; path = Base.lproj/LaunchScreen.xib; sourceTree = "<group>"; };
		B500DED51B7971610028D315 /* MarTests.xctest */ = {isa = PBXFileReference; explicitFileType = wrapper.cfbundle; includeInIndex = 0; path = MarTests.xctest; sourceTree = BUILT_PRODUCTS_DIR; };
		B500DEDA1B7971610028D315 /* Info.plist */ = {isa = PBXFileReference; lastKnownFileType = text.plist.xml; path = Info.plist; sourceTree = "<group>"; };
		B500DEDB1B7971610028D315 /* MarTests.m */ = {isa = PBXFileReference; lastKnownFileType = sourcecode.c.objc; path = MarTests.m; sourceTree = "<group>"; };
		B500DEE51B7975CA0028D315 /* Ship.h */ = {isa = PBXFileReference; fileEncoding = 4; lastKnownFileType = sourcecode.c.h; path = Ship.h; sourceTree = "<group>"; };
		B500DEE61B7975CA0028D315 /* Ship.m */ = {isa = PBXFileReference; fileEncoding = 4; lastKnownFileType = sourcecode.c.objc; path = Ship.m; sourceTree = "<group>"; };
		B500DEE81B7977050028D315 /* ship.png */ = {isa = PBXFileReference; lastKnownFileType = image.png; path = ship.png; sourceTree = "<group>"; };
		B500DEED1B79992B0028D315 /* Spawner.h */ = {isa = PBXFileReference; fileEncoding = 4; lastKnownFileType = sourcecode.c.h; path = Spawner.h; sourceTree = "<group>"; };
		B500DEEE1B79992B0028D315 /* Spawner.m */ = {isa = PBXFileReference; fileEncoding = 4; lastKnownFileType = sourcecode.c.objc; path = Spawner.m; sourceTree = "<group>"; };
		B500DEF21B799B4C0028D315 /* ShipManager.h */ = {isa = PBXFileReference; fileEncoding = 4; lastKnownFileType = sourcecode.c.h; path = ShipManager.h; sourceTree = "<group>"; };
		B500DEF31B799B4C0028D315 /* ShipManager.m */ = {isa = PBXFileReference; fileEncoding = 4; lastKnownFileType = sourcecode.c.objc; path = ShipManager.m; sourceTree = "<group>"; };
		B500DEF51B79A8210028D315 /* SpotLight.h */ = {isa = PBXFileReference; fileEncoding = 4; lastKnownFileType = sourcecode.c.h; path = SpotLight.h; sourceTree = "<group>"; };
		B500DEF61B79A8210028D315 /* SpotLight.m */ = {isa = PBXFileReference; fileEncoding = 4; lastKnownFileType = sourcecode.c.objc; path = SpotLight.m; sourceTree = "<group>"; };
		B500DEF81B79A9E40028D315 /* water.png */ = {isa = PBXFileReference; lastKnownFileType = image.png; path = water.png; sourceTree = "<group>"; };
		B500DEFD1B79B9DC0028D315 /* Background.h */ = {isa = PBXFileReference; fileEncoding = 4; lastKnownFileType = sourcecode.c.h; path = Background.h; sourceTree = "<group>"; };
		B500DEFE1B79B9DC0028D315 /* Background.m */ = {isa = PBXFileReference; fileEncoding = 4; lastKnownFileType = sourcecode.c.objc; path = Background.m; sourceTree = "<group>"; };
		B500DF001B79BCAF0028D315 /* lighthouse.png */ = {isa = PBXFileReference; lastKnownFileType = image.png; path = lighthouse.png; sourceTree = "<group>"; };
		B500DF021B79C1FE0028D315 /* beam.png */ = {isa = PBXFileReference; lastKnownFileType = image.png; path = beam.png; sourceTree = "<group>"; };
		B500DF041B79C2B60028D315 /* Lighthouse.h */ = {isa = PBXFileReference; fileEncoding = 4; lastKnownFileType = sourcecode.c.h; path = Lighthouse.h; sourceTree = "<group>"; };
		B500DF051B79C2B60028D315 /* Lighthouse.m */ = {isa = PBXFileReference; fileEncoding = 4; lastKnownFileType = sourcecode.c.objc; path = Lighthouse.m; sourceTree = "<group>"; };
		B500DF071B79C4E00028D315 /* TouchBox.h */ = {isa = PBXFileReference; fileEncoding = 4; lastKnownFileType = sourcecode.c.h; path = TouchBox.h; sourceTree = "<group>"; };
		B500DF081B79C4E00028D315 /* TouchBox.m */ = {isa = PBXFileReference; fileEncoding = 4; lastKnownFileType = sourcecode.c.objc; path = TouchBox.m; sourceTree = "<group>"; };
/* End PBXFileReference section */

/* Begin PBXFrameworksBuildPhase section */
		B500DEB41B7971610028D315 /* Frameworks */ = {
			isa = PBXFrameworksBuildPhase;
			buildActionMask = 2147483647;
			files = (
			);
			runOnlyForDeploymentPostprocessing = 0;
		};
		B500DED21B7971610028D315 /* Frameworks */ = {
			isa = PBXFrameworksBuildPhase;
			buildActionMask = 2147483647;
			files = (
			);
			runOnlyForDeploymentPostprocessing = 0;
		};
/* End PBXFrameworksBuildPhase section */

/* Begin PBXGroup section */
		B500DEAE1B7971610028D315 = {
			isa = PBXGroup;
			children = (
				B500DEB91B7971610028D315 /* Mar */,
				B500DED81B7971610028D315 /* MarTests */,
				B500DEB81B7971610028D315 /* Products */,
			);
			sourceTree = "<group>";
		};
		B500DEB81B7971610028D315 /* Products */ = {
			isa = PBXGroup;
			children = (
				B500DEB71B7971610028D315 /* Mar.app */,
				B500DED51B7971610028D315 /* MarTests.xctest */,
			);
			name = Products;
			sourceTree = "<group>";
		};
		B500DEB91B7971610028D315 /* Mar */ = {
			isa = PBXGroup;
			children = (
				B500DEBE1B7971610028D315 /* AppDelegate.h */,
				B500DEBF1B7971610028D315 /* AppDelegate.m */,
				B500DEC11B7971610028D315 /* GameScene.h */,
				B500DEC21B7971610028D315 /* GameScene.m */,
				B500DEC41B7971610028D315 /* GameScene.sks */,
				B500DEED1B79992B0028D315 /* Spawner.h */,
				B500DEEE1B79992B0028D315 /* Spawner.m */,
				B500DEC61B7971610028D315 /* GameViewController.h */,
				B500DEC71B7971610028D315 /* GameViewController.m */,
				B500DEF11B799B3B0028D315 /* controllers */,
				B500DEF01B799B2E0028D315 /* modal */,
				B500DEC91B7971610028D315 /* Main.storyboard */,
				B500DECC1B7971610028D315 /* Images.xcassets */,
				B500DECE1B7971610028D315 /* LaunchScreen.xib */,
				B500DEBA1B7971610028D315 /* Supporting Files */,
			);
			path = Mar;
			sourceTree = "<group>";
		};
		B500DEBA1B7971610028D315 /* Supporting Files */ = {
			isa = PBXGroup;
			children = (
				B500DF021B79C1FE0028D315 /* beam.png */,
				B500DF001B79BCAF0028D315 /* lighthouse.png */,
				B500DEF81B79A9E40028D315 /* water.png */,
				B500DEE81B7977050028D315 /* ship.png */,
				B500DEBB1B7971610028D315 /* Info.plist */,
				B500DEBC1B7971610028D315 /* main.m */,
			);
			name = "Supporting Files";
			sourceTree = "<group>";
		};
		B500DED81B7971610028D315 /* MarTests */ = {
			isa = PBXGroup;
			children = (
				B500DEDB1B7971610028D315 /* MarTests.m */,
				B500DED91B7971610028D315 /* Supporting Files */,
			);
			path = MarTests;
			sourceTree = "<group>";
		};
		B500DED91B7971610028D315 /* Supporting Files */ = {
			isa = PBXGroup;
			children = (
				B500DEDA1B7971610028D315 /* Info.plist */,
			);
			name = "Supporting Files";
			sourceTree = "<group>";
		};
		B500DEF01B799B2E0028D315 /* modal */ = {
			isa = PBXGroup;
			children = (
				B500DEE51B7975CA0028D315 /* Ship.h */,
				B500DEE61B7975CA0028D315 /* Ship.m */,
				B500DEF51B79A8210028D315 /* SpotLight.h */,
				B500DEF61B79A8210028D315 /* SpotLight.m */,
				B500DF041B79C2B60028D315 /* Lighthouse.h */,
				B500DF051B79C2B60028D315 /* Lighthouse.m */,
				B500DEFD1B79B9DC0028D315 /* Background.h */,
				B500DEFE1B79B9DC0028D315 /* Background.m */,
				B500DF071B79C4E00028D315 /* TouchBox.h */,
				B500DF081B79C4E00028D315 /* TouchBox.m */,
			);
			name = modal;
			sourceTree = "<group>";
		};
		B500DEF11B799B3B0028D315 /* controllers */ = {
			isa = PBXGroup;
			children = (
				B500DEF21B799B4C0028D315 /* ShipManager.h */,
				B500DEF31B799B4C0028D315 /* ShipManager.m */,
			);
			name = controllers;
			sourceTree = "<group>";
		};
/* End PBXGroup section */

/* Begin PBXNativeTarget section */
		B500DEB61B7971610028D315 /* Mar */ = {
			isa = PBXNativeTarget;
			buildConfigurationList = B500DEDF1B7971610028D315 /* Build configuration list for PBXNativeTarget "Mar" */;
			buildPhases = (
				B500DEB31B7971610028D315 /* Sources */,
				B500DEB41B7971610028D315 /* Frameworks */,
				B500DEB51B7971610028D315 /* Resources */,
			);
			buildRules = (
			);
			dependencies = (
			);
			name = Mar;
			productName = Mar;
			productReference = B500DEB71B7971610028D315 /* Mar.app */;
			productType = "com.apple.product-type.application";
		};
		B500DED41B7971610028D315 /* MarTests */ = {
			isa = PBXNativeTarget;
			buildConfigurationList = B500DEE21B7971610028D315 /* Build configuration list for PBXNativeTarget "MarTests" */;
			buildPhases = (
				B500DED11B7971610028D315 /* Sources */,
				B500DED21B7971610028D315 /* Frameworks */,
				B500DED31B7971610028D315 /* Resources */,
			);
			buildRules = (
			);
			dependencies = (
				B500DED71B7971610028D315 /* PBXTargetDependency */,
			);
			name = MarTests;
			productName = MarTests;
			productReference = B500DED51B7971610028D315 /* MarTests.xctest */;
			productType = "com.apple.product-type.bundle.unit-test";
		};
/* End PBXNativeTarget section */

/* Begin PBXProject section */
		B500DEAF1B7971610028D315 /* Project object */ = {
			isa = PBXProject;
			attributes = {
				LastUpgradeCheck = 0640;
				ORGANIZATIONNAME = "Marz Software";
				TargetAttributes = {
					B500DEB61B7971610028D315 = {
						CreatedOnToolsVersion = 6.4;
					};
					B500DED41B7971610028D315 = {
						CreatedOnToolsVersion = 6.4;
						TestTargetID = B500DEB61B7971610028D315;
					};
				};
			};
			buildConfigurationList = B500DEB21B7971610028D315 /* Build configuration list for PBXProject "Mar" */;
			compatibilityVersion = "Xcode 3.2";
			developmentRegion = English;
			hasScannedForEncodings = 0;
			knownRegions = (
				en,
				Base,
			);
			mainGroup = B500DEAE1B7971610028D315;
			productRefGroup = B500DEB81B7971610028D315 /* Products */;
			projectDirPath = "";
			projectRoot = "";
			targets = (
				B500DEB61B7971610028D315 /* Mar */,
				B500DED41B7971610028D315 /* MarTests */,
			);
		};
/* End PBXProject section */

/* Begin PBXResourcesBuildPhase section */
		B500DEB51B7971610028D315 /* Resources */ = {
			isa = PBXResourcesBuildPhase;
			buildActionMask = 2147483647;
			files = (
				B500DF031B79C1FE0028D315 /* beam.png in Resources */,
				B500DED01B7971610028D315 /* LaunchScreen.xib in Resources */,
				B500DF011B79BCAF0028D315 /* lighthouse.png in Resources */,
				B500DEE91B7977050028D315 /* ship.png in Resources */,
				B500DECD1B7971610028D315 /* Images.xcassets in Resources */,
				B500DEC51B7971610028D315 /* GameScene.sks in Resources */,
				B500DECB1B7971610028D315 /* Main.storyboard in Resources */,
				B500DEF91B79A9E40028D315 /* water.png in Resources */,
			);
			runOnlyForDeploymentPostprocessing = 0;
		};
		B500DED31B7971610028D315 /* Resources */ = {
			isa = PBXResourcesBuildPhase;
			buildActionMask = 2147483647;
			files = (
			);
			runOnlyForDeploymentPostprocessing = 0;
		};
/* End PBXResourcesBuildPhase section */

/* Begin PBXSourcesBuildPhase section */
		B500DEB31B7971610028D315 /* Sources */ = {
			isa = PBXSourcesBuildPhase;
			buildActionMask = 2147483647;
			files = (
				B500DF091B79C4E00028D315 /* TouchBox.m in Sources */,
				B500DEE71B7975CA0028D315 /* Ship.m in Sources */,
				B500DEF41B799B4C0028D315 /* ShipManager.m in Sources */,
				B500DEC81B7971610028D315 /* GameViewController.m in Sources */,
				B500DF061B79C2B60028D315 /* Lighthouse.m in Sources */,
				B500DEEF1B79992B0028D315 /* Spawner.m in Sources */,
				B500DEFF1B79B9DC0028D315 /* Background.m in Sources */,
				B500DEF71B79A8210028D315 /* SpotLight.m in Sources */,
				B500DEC01B7971610028D315 /* AppDelegate.m in Sources */,
				B500DEC31B7971610028D315 /* GameScene.m in Sources */,
				B500DEBD1B7971610028D315 /* main.m in Sources */,
			);
			runOnlyForDeploymentPostprocessing = 0;
		};
		B500DED11B7971610028D315 /* Sources */ = {
			isa = PBXSourcesBuildPhase;
			buildActionMask = 2147483647;
			files = (
				B500DEDC1B7971610028D315 /* MarTests.m in Sources */,
			);
			runOnlyForDeploymentPostprocessing = 0;
		};
/* End PBXSourcesBuildPhase section */

/* Begin PBXTargetDependency section */
		B500DED71B7971610028D315 /* PBXTargetDependency */ = {
			isa = PBXTargetDependency;
			target = B500DEB61B7971610028D315 /* Mar */;
			targetProxy = B500DED61B7971610028D315 /* PBXContainerItemProxy */;
		};
/* End PBXTargetDependency section */

/* Begin PBXVariantGroup section */
		B500DEC91B7971610028D315 /* Main.storyboard */ = {
			isa = PBXVariantGroup;
			children = (
				B500DECA1B7971610028D315 /* Base */,
			);
			name = Main.storyboard;
			sourceTree = "<group>";
		};
		B500DECE1B7971610028D315 /* LaunchScreen.xib */ = {
			isa = PBXVariantGroup;
			children = (
				B500DECF1B7971610028D315 /* Base */,
			);
			name = LaunchScreen.xib;
			sourceTree = "<group>";
		};
/* End PBXVariantGroup section */

/* Begin XCBuildConfiguration section */
		B500DEDD1B7971610028D315 /* Debug */ = {
			isa = XCBuildConfiguration;
			buildSettings = {
				ALWAYS_SEARCH_USER_PATHS = NO;
				CLANG_CXX_LANGUAGE_STANDARD = "gnu++0x";
				CLANG_CXX_LIBRARY = "libc++";
				CLANG_ENABLE_MODULES = YES;
				CLANG_ENABLE_OBJC_ARC = YES;
				CLANG_WARN_BOOL_CONVERSION = YES;
				CLANG_WARN_CONSTANT_CONVERSION = YES;
				CLANG_WARN_DIRECT_OBJC_ISA_USAGE = YES_ERROR;
				CLANG_WARN_EMPTY_BODY = YES;
				CLANG_WARN_ENUM_CONVERSION = YES;
				CLANG_WARN_INT_CONVERSION = YES;
				CLANG_WARN_OBJC_ROOT_CLASS = YES_ERROR;
				CLANG_WARN_UNREACHABLE_CODE = YES;
				CLANG_WARN__DUPLICATE_METHOD_MATCH = YES;
				"CODE_SIGN_IDENTITY[sdk=iphoneos*]" = "iPhone Developer";
				COPY_PHASE_STRIP = NO;
				DEBUG_INFORMATION_FORMAT = "dwarf-with-dsym";
				ENABLE_STRICT_OBJC_MSGSEND = YES;
				GCC_C_LANGUAGE_STANDARD = gnu99;
				GCC_DYNAMIC_NO_PIC = NO;
				GCC_NO_COMMON_BLOCKS = YES;
				GCC_OPTIMIZATION_LEVEL = 0;
				GCC_PREPROCESSOR_DEFINITIONS = (
					"DEBUG=1",
					"$(inherited)",
				);
				GCC_SYMBOLS_PRIVATE_EXTERN = NO;
				GCC_WARN_64_TO_32_BIT_CONVERSION = YES;
				GCC_WARN_ABOUT_RETURN_TYPE = YES_ERROR;
				GCC_WARN_UNDECLARED_SELECTOR = YES;
				GCC_WARN_UNINITIALIZED_AUTOS = YES_AGGRESSIVE;
				GCC_WARN_UNUSED_FUNCTION = YES;
				GCC_WARN_UNUSED_VARIABLE = YES;
				IPHONEOS_DEPLOYMENT_TARGET = 8.4;
				MTL_ENABLE_DEBUG_INFO = YES;
				ONLY_ACTIVE_ARCH = YES;
				SDKROOT = iphoneos;
				TARGETED_DEVICE_FAMILY = "1,2";
			};
			name = Debug;
		};
		B500DEDE1B7971610028D315 /* Release */ = {
			isa = XCBuildConfiguration;
			buildSettings = {
				ALWAYS_SEARCH_USER_PATHS = NO;
				CLANG_CXX_LANGUAGE_STANDARD = "gnu++0x";
				CLANG_CXX_LIBRARY = "libc++";
				CLANG_ENABLE_MODULES = YES;
				CLANG_ENABLE_OBJC_ARC = YES;
				CLANG_WARN_BOOL_CONVERSION = YES;
				CLANG_WARN_CONSTANT_CONVERSION = YES;
				CLANG_WARN_DIRECT_OBJC_ISA_USAGE = YES_ERROR;
				CLANG_WARN_EMPTY_BODY = YES;
				CLANG_WARN_ENUM_CONVERSION = YES;
				CLANG_WARN_INT_CONVERSION = YES;
				CLANG_WARN_OBJC_ROOT_CLASS = YES_ERROR;
				CLANG_WARN_UNREACHABLE_CODE = YES;
				CLANG_WARN__DUPLICATE_METHOD_MATCH = YES;
				"CODE_SIGN_IDENTITY[sdk=iphoneos*]" = "iPhone Developer";
				COPY_PHASE_STRIP = NO;
				DEBUG_INFORMATION_FORMAT = "dwarf-with-dsym";
				ENABLE_NS_ASSERTIONS = NO;
				ENABLE_STRICT_OBJC_MSGSEND = YES;
				GCC_C_LANGUAGE_STANDARD = gnu99;
				GCC_NO_COMMON_BLOCKS = YES;
				GCC_WARN_64_TO_32_BIT_CONVERSION = YES;
				GCC_WARN_ABOUT_RETURN_TYPE = YES_ERROR;
				GCC_WARN_UNDECLARED_SELECTOR = YES;
				GCC_WARN_UNINITIALIZED_AUTOS = YES_AGGRESSIVE;
				GCC_WARN_UNUSED_FUNCTION = YES;
				GCC_WARN_UNUSED_VARIABLE = YES;
				IPHONEOS_DEPLOYMENT_TARGET = 8.4;
				MTL_ENABLE_DEBUG_INFO = NO;
				SDKROOT = iphoneos;
				TARGETED_DEVICE_FAMILY = "1,2";
				VALIDATE_PRODUCT = YES;
			};
			name = Release;
		};
		B500DEE01B7971610028D315 /* Debug */ = {
			isa = XCBuildConfiguration;
			buildSettings = {
				ASSETCATALOG_COMPILER_APPICON_NAME = AppIcon;
				INFOPLIST_FILE = Mar/Info.plist;
				LD_RUNPATH_SEARCH_PATHS = "$(inherited) @executable_path/Frameworks";
				PRODUCT_NAME = "$(TARGET_NAME)";
			};
			name = Debug;
		};
		B500DEE11B7971610028D315 /* Release */ = {
			isa = XCBuildConfiguration;
			buildSettings = {
				ASSETCATALOG_COMPILER_APPICON_NAME = AppIcon;
				INFOPLIST_FILE = Mar/Info.plist;
				LD_RUNPATH_SEARCH_PATHS = "$(inherited) @executable_path/Frameworks";
				PRODUCT_NAME = "$(TARGET_NAME)";
			};
			name = Release;
		};
		B500DEE31B7971610028D315 /* Debug */ = {
			isa = XCBuildConfiguration;
			buildSettings = {
				BUNDLE_LOADER = "$(TEST_HOST)";
				FRAMEWORK_SEARCH_PATHS = (
					"$(SDKROOT)/Developer/Library/Frameworks",
					"$(inherited)",
				);
				GCC_PREPROCESSOR_DEFINITIONS = (
					"DEBUG=1",
					"$(inherited)",
				);
				INFOPLIST_FILE = MarTests/Info.plist;
				LD_RUNPATH_SEARCH_PATHS = "$(inherited) @executable_path/Frameworks @loader_path/Frameworks";
				PRODUCT_NAME = "$(TARGET_NAME)";
				TEST_HOST = "$(BUILT_PRODUCTS_DIR)/Mar.app/Mar";
			};
			name = Debug;
		};
		B500DEE41B7971610028D315 /* Release */ = {
			isa = XCBuildConfiguration;
			buildSettings = {
				BUNDLE_LOADER = "$(TEST_HOST)";
				FRAMEWORK_SEARCH_PATHS = (
					"$(SDKROOT)/Developer/Library/Frameworks",
					"$(inherited)",
				);
				INFOPLIST_FILE = MarTests/Info.plist;
				LD_RUNPATH_SEARCH_PATHS = "$(inherited) @executable_path/Frameworks @loader_path/Frameworks";
				PRODUCT_NAME = "$(TARGET_NAME)";
				TEST_HOST = "$(BUILT_PRODUCTS_DIR)/Mar.app/Mar";
			};
			name = Release;
		};
/* End XCBuildConfiguration section */

/* Begin XCConfigurationList section */
		B500DEB21B7971610028D315 /* Build configuration list for PBXProject "Mar" */ = {
			isa = XCConfigurationList;
			buildConfigurations = (
				B500DEDD1B7971610028D315 /* Debug */,
				B500DEDE1B7971610028D315 /* Release */,
			);
			defaultConfigurationIsVisible = 0;
			defaultConfigurationName = Release;
		};
		B500DEDF1B7971610028D315 /* Build configuration list for PBXNativeTarget "Mar" */ = {
			isa = XCConfigurationList;
			buildConfigurations = (
				B500DEE01B7971610028D315 /* Debug */,
				B500DEE11B7971610028D315 /* Release */,
			);
			defaultConfigurationIsVisible = 0;
			defaultConfigurationName = Release;
		};
		B500DEE21B7971610028D315 /* Build configuration list for PBXNativeTarget "MarTests" */ = {
			isa = XCConfigurationList;
			buildConfigurations = (
				B500DEE31B7971610028D315 /* Debug */,
				B500DEE41B7971610028D315 /* Release */,
			);
			defaultConfigurationIsVisible = 0;
			defaultConfigurationName = Release;
		};
/* End XCConfigurationList section */
	};
	rootObject = B500DEAF1B7971610028D315 /* Project object */;
}
